PODS:
  - Capacitor (5.0.5):
    - CapacitorCordova
  - CapacitorCordova (5.0.5)

DEPENDENCIES:
  - "Capacitor (from `../../../node_modules/.pnpm/@capacitor+ios@5.0.5_@capacitor+core@5.0.5/node_modules/@capacitor/ios`)"
  - "CapacitorCordova (from `../../../node_modules/.pnpm/@capacitor+ios@5.0.5_@capacitor+core@5.0.5/node_modules/@capacitor/ios`)"

EXTERNAL SOURCES:
  Capacitor:
    :path: "../../../node_modules/.pnpm/@capacitor+ios@5.0.5_@capacitor+core@5.0.5/node_modules/@capacitor/ios"
  CapacitorCordova:
    :path: "../../../node_modules/.pnpm/@capacitor+ios@5.0.5_@capacitor+core@5.0.5/node_modules/@capacitor/ios"

SPEC CHECKSUMS:
  Capacitor: b1248915663add1bd6567e2b67c1c1fa3abcf5e8
  CapacitorCordova: f8c06b897c74ee8f7701fe10e6443b40822bc83a

PODFILE CHECKSUM: 44099274a49b8dd492db04b0c3d551330877fbd0

COCOAPODS: 1.12.1
